// !$*UTF8*$!
{
	archiveVersion = 1;
	classes = {
	};
	objectVersion = 48;
	objects = {

/* Begin PBXBuildFile section */
		BF38217C201741B400EDE7F9 /* PublicReposCachedService.swift in Sources */ = {isa = PBXBuildFile; fileRef = BF38217B201741B400EDE7F9 /* PublicReposCachedService.swift */; };
		BF38217E2017443900EDE7F9 /* Reachability.swift in Sources */ = {isa = PBXBuildFile; fileRef = BF38217D2017443900EDE7F9 /* Reachability.swift */; };
		BF382180201749D600EDE7F9 /* DetailViewController.swift in Sources */ = {isa = PBXBuildFile; fileRef = BF38217F201749D600EDE7F9 /* DetailViewController.swift */; };
		BF38218220174F2900EDE7F9 /* PublicReposCachedServiceTests.swift in Sources */ = {isa = PBXBuildFile; fileRef = BF38218120174F2900EDE7F9 /* PublicReposCachedServiceTests.swift */; };
		BFC0C8342015E92000C4885C /* AppDelegate.swift in Sources */ = {isa = PBXBuildFile; fileRef = BFC0C8332015E92000C4885C /* AppDelegate.swift */; };
		BFC0C8362015E92000C4885C /* ViewController.swift in Sources */ = {isa = PBXBuildFile; fileRef = BFC0C8352015E92000C4885C /* ViewController.swift */; };
		BFC0C8392015E92000C4885C /* Main.storyboard in Resources */ = {isa = PBXBuildFile; fileRef = BFC0C8372015E92000C4885C /* Main.storyboard */; };
		BFC0C83C2015E92000C4885C /* NetworkLayerForTest.xcdatamodeld in Sources */ = {isa = PBXBuildFile; fileRef = BFC0C83A2015E92000C4885C /* NetworkLayerForTest.xcdatamodeld */; };
		BFC0C83E2015E92000C4885C /* Assets.xcassets in Resources */ = {isa = PBXBuildFile; fileRef = BFC0C83D2015E92000C4885C /* Assets.xcassets */; };
		BFC0C8412015E92000C4885C /* LaunchScreen.storyboard in Resources */ = {isa = PBXBuildFile; fileRef = BFC0C83F2015E92000C4885C /* LaunchScreen.storyboard */; };
		BFC0C84C2015E92000C4885C /* NetworkLayerForTestTests.swift in Sources */ = {isa = PBXBuildFile; fileRef = BFC0C84B2015E92000C4885C /* NetworkLayerForTestTests.swift */; };
		BFC0C8582015EA4C00C4885C /* BackendClient.swift in Sources */ = {isa = PBXBuildFile; fileRef = BFC0C8572015EA4C00C4885C /* BackendClient.swift */; };
		BFC0C85A2015EA5900C4885C /* BackendRequest.swift in Sources */ = {isa = PBXBuildFile; fileRef = BFC0C8592015EA5900C4885C /* BackendRequest.swift */; };
		BFC0C85E2015EAF900C4885C /* NetworkClient.swift in Sources */ = {isa = PBXBuildFile; fileRef = BFC0C85D2015EAF900C4885C /* NetworkClient.swift */; };
		BFC0C8602015ED0800C4885C /* BackendConfiguration.swift in Sources */ = {isa = PBXBuildFile; fileRef = BFC0C85F2015ED0800C4885C /* BackendConfiguration.swift */; };
		BFC0C8632015F09800C4885C /* PublicReposRequest.swift in Sources */ = {isa = PBXBuildFile; fileRef = BFC0C8622015F09800C4885C /* PublicReposRequest.swift */; };
		BFC0C86B20162B6800C4885C /* GitRepository.swift in Sources */ = {isa = PBXBuildFile; fileRef = BFC0C86A20162B6800C4885C /* GitRepository.swift */; };
		BFC0C86E20162D3F00C4885C /* ManagedGitRepository+CoreDataClass.swift in Sources */ = {isa = PBXBuildFile; fileRef = BFC0C86C20162D3F00C4885C /* ManagedGitRepository+CoreDataClass.swift */; };
		BFC0C86F20162D3F00C4885C /* ManagedGitRepository+CoreDataProperties.swift in Sources */ = {isa = PBXBuildFile; fileRef = BFC0C86D20162D3F00C4885C /* ManagedGitRepository+CoreDataProperties.swift */; };
		BFC0C872201631A200C4885C /* PublicReposAPI.swift in Sources */ = {isa = PBXBuildFile; fileRef = BFC0C871201631A200C4885C /* PublicReposAPI.swift */; };
		BFC0C8752016325500C4885C /* PublicReposStore.swift in Sources */ = {isa = PBXBuildFile; fileRef = BFC0C8742016325500C4885C /* PublicReposStore.swift */; };
		BFC0C879201735E700C4885C /* PublicReposCoreDataStore.swift in Sources */ = {isa = PBXBuildFile; fileRef = BFC0C878201735E700C4885C /* PublicReposCoreDataStore.swift */; };
/* End PBXBuildFile section */

/* Begin PBXContainerItemProxy section */
		BFC0C8482015E92000C4885C /* PBXContainerItemProxy */ = {
			isa = PBXContainerItemProxy;
			containerPortal = BFC0C8282015E92000C4885C /* Project object */;
			proxyType = 1;
			remoteGlobalIDString = BFC0C82F2015E92000C4885C;
			remoteInfo = NetworkLayerForTest;
		};
/* End PBXContainerItemProxy section */

/* Begin PBXFileReference section */
		BF38217B201741B400EDE7F9 /* PublicReposCachedService.swift */ = {isa = PBXFileReference; lastKnownFileType = sourcecode.swift; path = PublicReposCachedService.swift; sourceTree = "<group>"; };
		BF38217D2017443900EDE7F9 /* Reachability.swift */ = {isa = PBXFileReference; lastKnownFileType = sourcecode.swift; path = Reachability.swift; sourceTree = "<group>"; };
		BF38217F201749D600EDE7F9 /* DetailViewController.swift */ = {isa = PBXFileReference; lastKnownFileType = sourcecode.swift; path = DetailViewController.swift; sourceTree = "<group>"; };
		BF38218120174F2900EDE7F9 /* PublicReposCachedServiceTests.swift */ = {isa = PBXFileReference; lastKnownFileType = sourcecode.swift; path = PublicReposCachedServiceTests.swift; sourceTree = "<group>"; };
		BFC0C8302015E92000C4885C /* NetworkLayerForTest.app */ = {isa = PBXFileReference; explicitFileType = wrapper.application; includeInIndex = 0; path = NetworkLayerForTest.app; sourceTree = BUILT_PRODUCTS_DIR; };
		BFC0C8332015E92000C4885C /* AppDelegate.swift */ = {isa = PBXFileReference; lastKnownFileType = sourcecode.swift; path = AppDelegate.swift; sourceTree = "<group>"; };
		BFC0C8352015E92000C4885C /* ViewController.swift */ = {isa = PBXFileReference; lastKnownFileType = sourcecode.swift; path = ViewController.swift; sourceTree = "<group>"; };
		BFC0C8382015E92000C4885C /* Base */ = {isa = PBXFileReference; lastKnownFileType = file.storyboard; name = Base; path = Base.lproj/Main.storyboard; sourceTree = "<group>"; };
		BFC0C83B2015E92000C4885C /* NetworkLayerForTest.xcdatamodel */ = {isa = PBXFileReference; lastKnownFileType = wrapper.xcdatamodel; path = NetworkLayerForTest.xcdatamodel; sourceTree = "<group>"; };
		BFC0C83D2015E92000C4885C /* Assets.xcassets */ = {isa = PBXFileReference; lastKnownFileType = folder.assetcatalog; path = Assets.xcassets; sourceTree = "<group>"; };
		BFC0C8402015E92000C4885C /* Base */ = {isa = PBXFileReference; lastKnownFileType = file.storyboard; name = Base; path = Base.lproj/LaunchScreen.storyboard; sourceTree = "<group>"; };
		BFC0C8422015E92000C4885C /* Info.plist */ = {isa = PBXFileReference; lastKnownFileType = text.plist.xml; path = Info.plist; sourceTree = "<group>"; };
		BFC0C8472015E92000C4885C /* NetworkLayerForTestTests.xctest */ = {isa = PBXFileReference; explicitFileType = wrapper.cfbundle; includeInIndex = 0; path = NetworkLayerForTestTests.xctest; sourceTree = BUILT_PRODUCTS_DIR; };
		BFC0C84B2015E92000C4885C /* NetworkLayerForTestTests.swift */ = {isa = PBXFileReference; lastKnownFileType = sourcecode.swift; path = NetworkLayerForTestTests.swift; sourceTree = "<group>"; };
		BFC0C84D2015E92000C4885C /* Info.plist */ = {isa = PBXFileReference; lastKnownFileType = text.plist.xml; path = Info.plist; sourceTree = "<group>"; };
		BFC0C8572015EA4C00C4885C /* BackendClient.swift */ = {isa = PBXFileReference; lastKnownFileType = sourcecode.swift; path = BackendClient.swift; sourceTree = "<group>"; };
		BFC0C8592015EA5900C4885C /* BackendRequest.swift */ = {isa = PBXFileReference; lastKnownFileType = sourcecode.swift; path = BackendRequest.swift; sourceTree = "<group>"; };
		BFC0C85D2015EAF900C4885C /* NetworkClient.swift */ = {isa = PBXFileReference; lastKnownFileType = sourcecode.swift; path = NetworkClient.swift; sourceTree = "<group>"; };
		BFC0C85F2015ED0800C4885C /* BackendConfiguration.swift */ = {isa = PBXFileReference; lastKnownFileType = sourcecode.swift; path = BackendConfiguration.swift; sourceTree = "<group>"; };
		BFC0C8622015F09800C4885C /* PublicReposRequest.swift */ = {isa = PBXFileReference; lastKnownFileType = sourcecode.swift; path = PublicReposRequest.swift; sourceTree = "<group>"; };
		BFC0C86A20162B6800C4885C /* GitRepository.swift */ = {isa = PBXFileReference; lastKnownFileType = sourcecode.swift; path = GitRepository.swift; sourceTree = "<group>"; };
		BFC0C86C20162D3F00C4885C /* ManagedGitRepository+CoreDataClass.swift */ = {isa = PBXFileReference; lastKnownFileType = sourcecode.swift; path = "ManagedGitRepository+CoreDataClass.swift"; sourceTree = "<group>"; };
		BFC0C86D20162D3F00C4885C /* ManagedGitRepository+CoreDataProperties.swift */ = {isa = PBXFileReference; lastKnownFileType = sourcecode.swift; path = "ManagedGitRepository+CoreDataProperties.swift"; sourceTree = "<group>"; };
		BFC0C871201631A200C4885C /* PublicReposAPI.swift */ = {isa = PBXFileReference; lastKnownFileType = sourcecode.swift; path = PublicReposAPI.swift; sourceTree = "<group>"; };
		BFC0C8742016325500C4885C /* PublicReposStore.swift */ = {isa = PBXFileReference; lastKnownFileType = sourcecode.swift; path = PublicReposStore.swift; sourceTree = "<group>"; };
		BFC0C878201735E700C4885C /* PublicReposCoreDataStore.swift */ = {isa = PBXFileReference; lastKnownFileType = sourcecode.swift; path = PublicReposCoreDataStore.swift; sourceTree = "<group>"; };
/* End PBXFileReference section */

/* Begin PBXFrameworksBuildPhase section */
		BFC0C82D2015E92000C4885C /* Frameworks */ = {
			isa = PBXFrameworksBuildPhase;
			buildActionMask = 2147483647;
			files = (
			);
			runOnlyForDeploymentPostprocessing = 0;
		};
		BFC0C8442015E92000C4885C /* Frameworks */ = {
			isa = PBXFrameworksBuildPhase;
			buildActionMask = 2147483647;
			files = (
			);
			runOnlyForDeploymentPostprocessing = 0;
		};
/* End PBXFrameworksBuildPhase section */

/* Begin PBXGroup section */
		BFC0C8272015E92000C4885C = {
			isa = PBXGroup;
			children = (
				BFC0C8322015E92000C4885C /* NetworkLayerForTest */,
				BFC0C84A2015E92000C4885C /* NetworkLayerForTestTests */,
				BFC0C8312015E92000C4885C /* Products */,
			);
			sourceTree = "<group>";
		};
		BFC0C8312015E92000C4885C /* Products */ = {
			isa = PBXGroup;
			children = (
				BFC0C8302015E92000C4885C /* NetworkLayerForTest.app */,
				BFC0C8472015E92000C4885C /* NetworkLayerForTestTests.xctest */,
			);
			name = Products;
			sourceTree = "<group>";
		};
		BFC0C8322015E92000C4885C /* NetworkLayerForTest */ = {
			isa = PBXGroup;
			children = (
				BFC0C8732016323200C4885C /* ReposService */,
				BFC0C8692016296600C4885C /* Models */,
				BFC0C85B2015EA8C00C4885C /* Network */,
				BFC0C8332015E92000C4885C /* AppDelegate.swift */,
				BFC0C8352015E92000C4885C /* ViewController.swift */,
				BF38217F201749D600EDE7F9 /* DetailViewController.swift */,
				BFC0C8372015E92000C4885C /* Main.storyboard */,
				BFC0C83D2015E92000C4885C /* Assets.xcassets */,
				BFC0C83F2015E92000C4885C /* LaunchScreen.storyboard */,
				BFC0C8422015E92000C4885C /* Info.plist */,
				BFC0C83A2015E92000C4885C /* NetworkLayerForTest.xcdatamodeld */,
			);
			path = NetworkLayerForTest;
			sourceTree = "<group>";
		};
		BFC0C84A2015E92000C4885C /* NetworkLayerForTestTests */ = {
			isa = PBXGroup;
			children = (
				BF38218120174F2900EDE7F9 /* PublicReposCachedServiceTests.swift */,
				BFC0C84B2015E92000C4885C /* NetworkLayerForTestTests.swift */,
				BFC0C84D2015E92000C4885C /* Info.plist */,
			);
			path = NetworkLayerForTestTests;
			sourceTree = "<group>";
		};
		BFC0C8562015E93300C4885C /* Backend Core */ = {
			isa = PBXGroup;
			children = (
				BFC0C8572015EA4C00C4885C /* BackendClient.swift */,
				BFC0C8592015EA5900C4885C /* BackendRequest.swift */,
				BFC0C85F2015ED0800C4885C /* BackendConfiguration.swift */,
			);
			path = "Backend Core";
			sourceTree = "<group>";
		};
		BFC0C85B2015EA8C00C4885C /* Network */ = {
			isa = PBXGroup;
			children = (
				BFC0C85C2015EAE500C4885C /* Network Core */,
				BFC0C8562015E93300C4885C /* Backend Core */,
			);
			path = Network;
			sourceTree = "<group>";
		};
		BFC0C85C2015EAE500C4885C /* Network Core */ = {
			isa = PBXGroup;
			children = (
				BFC0C85D2015EAF900C4885C /* NetworkClient.swift */,
				BF38217D2017443900EDE7F9 /* Reachability.swift */,
			);
			path = "Network Core";
			sourceTree = "<group>";
		};
		BFC0C8692016296600C4885C /* Models */ = {
			isa = PBXGroup;
			children = (
				BFC0C86C20162D3F00C4885C /* ManagedGitRepository+CoreDataClass.swift */,
				BFC0C86D20162D3F00C4885C /* ManagedGitRepository+CoreDataProperties.swift */,
				BFC0C86A20162B6800C4885C /* GitRepository.swift */,
			);
			path = Models;
			sourceTree = "<group>";
		};
		BFC0C870201630A500C4885C /* PublicReposAPI */ = {
			isa = PBXGroup;
			children = (
				BFC0C8622015F09800C4885C /* PublicReposRequest.swift */,
			);
			path = PublicReposAPI;
			sourceTree = "<group>";
		};
		BFC0C8732016323200C4885C /* ReposService */ = {
			isa = PBXGroup;
			children = (
				BFC0C8742016325500C4885C /* PublicReposStore.swift */,
				BFC0C871201631A200C4885C /* PublicReposAPI.swift */,
				BFC0C878201735E700C4885C /* PublicReposCoreDataStore.swift */,
				BF38217B201741B400EDE7F9 /* PublicReposCachedService.swift */,
				BFC0C870201630A500C4885C /* PublicReposAPI */,
			);
			path = ReposService;
			sourceTree = "<group>";
		};
/* End PBXGroup section */

/* Begin PBXNativeTarget section */
		BFC0C82F2015E92000C4885C /* NetworkLayerForTest */ = {
			isa = PBXNativeTarget;
			buildConfigurationList = BFC0C8502015E92000C4885C /* Build configuration list for PBXNativeTarget "NetworkLayerForTest" */;
			buildPhases = (
				BFC0C82C2015E92000C4885C /* Sources */,
				BFC0C82D2015E92000C4885C /* Frameworks */,
				BFC0C82E2015E92000C4885C /* Resources */,
			);
			buildRules = (
			);
			dependencies = (
			);
			name = NetworkLayerForTest;
			productName = NetworkLayerForTest;
			productReference = BFC0C8302015E92000C4885C /* NetworkLayerForTest.app */;
			productType = "com.apple.product-type.application";
		};
		BFC0C8462015E92000C4885C /* NetworkLayerForTestTests */ = {
			isa = PBXNativeTarget;
			buildConfigurationList = BFC0C8532015E92000C4885C /* Build configuration list for PBXNativeTarget "NetworkLayerForTestTests" */;
			buildPhases = (
				BFC0C8432015E92000C4885C /* Sources */,
				BFC0C8442015E92000C4885C /* Frameworks */,
				BFC0C8452015E92000C4885C /* Resources */,
			);
			buildRules = (
			);
			dependencies = (
				BFC0C8492015E92000C4885C /* PBXTargetDependency */,
			);
			name = NetworkLayerForTestTests;
			productName = NetworkLayerForTestTests;
			productReference = BFC0C8472015E92000C4885C /* NetworkLayerForTestTests.xctest */;
			productType = "com.apple.product-type.bundle.unit-test";
		};
/* End PBXNativeTarget section */

/* Begin PBXProject section */
		BFC0C8282015E92000C4885C /* Project object */ = {
			isa = PBXProject;
			attributes = {
				LastSwiftUpdateCheck = 0920;
				LastUpgradeCheck = 0920;
				ORGANIZATIONNAME = "EVGENY Oborin";
				TargetAttributes = {
					BFC0C82F2015E92000C4885C = {
						CreatedOnToolsVersion = 9.2;
						ProvisioningStyle = Automatic;
					};
					BFC0C8462015E92000C4885C = {
						CreatedOnToolsVersion = 9.2;
						ProvisioningStyle = Automatic;
						TestTargetID = BFC0C82F2015E92000C4885C;
					};
				};
			};
			buildConfigurationList = BFC0C82B2015E92000C4885C /* Build configuration list for PBXProject "NetworkLayerForTest" */;
			compatibilityVersion = "Xcode 8.0";
			developmentRegion = en;
			hasScannedForEncodings = 0;
			knownRegions = (
				en,
				Base,
			);
			mainGroup = BFC0C8272015E92000C4885C;
			productRefGroup = BFC0C8312015E92000C4885C /* Products */;
			projectDirPath = "";
			projectRoot = "";
			targets = (
				BFC0C82F2015E92000C4885C /* NetworkLayerForTest */,
				BFC0C8462015E92000C4885C /* NetworkLayerForTestTests */,
			);
		};
/* End PBXProject section */

/* Begin PBXResourcesBuildPhase section */
		BFC0C82E2015E92000C4885C /* Resources */ = {
			isa = PBXResourcesBuildPhase;
			buildActionMask = 2147483647;
			files = (
				BFC0C8412015E92000C4885C /* LaunchScreen.storyboard in Resources */,
				BFC0C83E2015E92000C4885C /* Assets.xcassets in Resources */,
				BFC0C8392015E92000C4885C /* Main.storyboard in Resources */,
			);
			runOnlyForDeploymentPostprocessing = 0;
		};
		BFC0C8452015E92000C4885C /* Resources */ = {
			isa = PBXResourcesBuildPhase;
			buildActionMask = 2147483647;
			files = (
			);
			runOnlyForDeploymentPostprocessing = 0;
		};
/* End PBXResourcesBuildPhase section */

/* Begin PBXSourcesBuildPhase section */
		BFC0C82C2015E92000C4885C /* Sources */ = {
			isa = PBXSourcesBuildPhase;
			buildActionMask = 2147483647;
			files = (
				BFC0C86F20162D3F00C4885C /* ManagedGitRepository+CoreDataProperties.swift in Sources */,
				BF382180201749D600EDE7F9 /* DetailViewController.swift in Sources */,
				BFC0C8362015E92000C4885C /* ViewController.swift in Sources */,
				BFC0C8582015EA4C00C4885C /* BackendClient.swift in Sources */,
				BFC0C8752016325500C4885C /* PublicReposStore.swift in Sources */,
				BFC0C85A2015EA5900C4885C /* BackendRequest.swift in Sources */,
				BFC0C8602015ED0800C4885C /* BackendConfiguration.swift in Sources */,
				BF38217C201741B400EDE7F9 /* PublicReposCachedService.swift in Sources */,
				BFC0C83C2015E92000C4885C /* NetworkLayerForTest.xcdatamodeld in Sources */,
				BFC0C8342015E92000C4885C /* AppDelegate.swift in Sources */,
				BFC0C879201735E700C4885C /* PublicReposCoreDataStore.swift in Sources */,
				BFC0C86E20162D3F00C4885C /* ManagedGitRepository+CoreDataClass.swift in Sources */,
				BFC0C8632015F09800C4885C /* PublicReposRequest.swift in Sources */,
				BFC0C872201631A200C4885C /* PublicReposAPI.swift in Sources */,
				BFC0C85E2015EAF900C4885C /* NetworkClient.swift in Sources */,
				BF38217E2017443900EDE7F9 /* Reachability.swift in Sources */,
				BFC0C86B20162B6800C4885C /* GitRepository.swift in Sources */,
			);
			runOnlyForDeploymentPostprocessing = 0;
		};
		BFC0C8432015E92000C4885C /* Sources */ = {
			isa = PBXSourcesBuildPhase;
			buildActionMask = 2147483647;
			files = (
				BF38218220174F2900EDE7F9 /* PublicReposCachedServiceTests.swift in Sources */,
				BFC0C84C2015E92000C4885C /* NetworkLayerForTestTests.swift in Sources */,
			);
			runOnlyForDeploymentPostprocessing = 0;
		};
/* End PBXSourcesBuildPhase section */

/* Begin PBXTargetDependency section */
		BFC0C8492015E92000C4885C /* PBXTargetDependency */ = {
			isa = PBXTargetDependency;
			target = BFC0C82F2015E92000C4885C /* NetworkLayerForTest */;
			targetProxy = BFC0C8482015E92000C4885C /* PBXContainerItemProxy */;
		};
/* End PBXTargetDependency section */

/* Begin PBXVariantGroup section */
		BFC0C8372015E92000C4885C /* Main.storyboard */ = {
			isa = PBXVariantGroup;
			children = (
				BFC0C8382015E92000C4885C /* Base */,
			);
			name = Main.storyboard;
			sourceTree = "<group>";
		};
		BFC0C83F2015E92000C4885C /* LaunchScreen.storyboard */ = {
			isa = PBXVariantGroup;
			children = (
				BFC0C8402015E92000C4885C /* Base */,
			);
			name = LaunchScreen.storyboard;
			sourceTree = "<group>";
		};
/* End PBXVariantGroup section */

/* Begin XCBuildConfiguration section */
		BFC0C84E2015E92000C4885C /* Debug */ = {
			isa = XCBuildConfiguration;
			buildSettings = {
				ALWAYS_SEARCH_USER_PATHS = NO;
				CLANG_ANALYZER_NONNULL = YES;
				CLANG_ANALYZER_NUMBER_OBJECT_CONVERSION = YES_AGGRESSIVE;
				CLANG_CXX_LANGUAGE_STANDARD = "gnu++14";
				CLANG_CXX_LIBRARY = "libc++";
				CLANG_ENABLE_MODULES = YES;
				CLANG_ENABLE_OBJC_ARC = YES;
				CLANG_WARN_BLOCK_CAPTURE_AUTORELEASING = YES;
				CLANG_WARN_BOOL_CONVERSION = YES;
				CLANG_WARN_COMMA = YES;
				CLANG_WARN_CONSTANT_CONVERSION = YES;
				CLANG_WARN_DIRECT_OBJC_ISA_USAGE = YES_ERROR;
				CLANG_WARN_DOCUMENTATION_COMMENTS = YES;
				CLANG_WARN_EMPTY_BODY = YES;
				CLANG_WARN_ENUM_CONVERSION = YES;
				CLANG_WARN_INFINITE_RECURSION = YES;
				CLANG_WARN_INT_CONVERSION = YES;
				CLANG_WARN_NON_LITERAL_NULL_CONVERSION = YES;
				CLANG_WARN_OBJC_LITERAL_CONVERSION = YES;
				CLANG_WARN_OBJC_ROOT_CLASS = YES_ERROR;
				CLANG_WARN_RANGE_LOOP_ANALYSIS = YES;
				CLANG_WARN_STRICT_PROTOTYPES = YES;
				CLANG_WARN_SUSPICIOUS_MOVE = YES;
				CLANG_WARN_UNGUARDED_AVAILABILITY = YES_AGGRESSIVE;
				CLANG_WARN_UNREACHABLE_CODE = YES;
				CLANG_WARN__DUPLICATE_METHOD_MATCH = YES;
				CODE_SIGN_IDENTITY = "iPhone Developer";
				COPY_PHASE_STRIP = NO;
				DEBUG_INFORMATION_FORMAT = dwarf;
				ENABLE_STRICT_OBJC_MSGSEND = YES;
				ENABLE_TESTABILITY = YES;
				GCC_C_LANGUAGE_STANDARD = gnu11;
				GCC_DYNAMIC_NO_PIC = NO;
				GCC_NO_COMMON_BLOCKS = YES;
				GCC_OPTIMIZATION_LEVEL = 0;
				GCC_PREPROCESSOR_DEFINITIONS = (
					"DEBUG=1",
					"$(inherited)",
				);
				GCC_WARN_64_TO_32_BIT_CONVERSION = YES;
				GCC_WARN_ABOUT_RETURN_TYPE = YES_ERROR;
				GCC_WARN_UNDECLARED_SELECTOR = YES;
				GCC_WARN_UNINITIALIZED_AUTOS = YES_AGGRESSIVE;
				GCC_WARN_UNUSED_FUNCTION = YES;
				GCC_WARN_UNUSED_VARIABLE = YES;
				IPHONEOS_DEPLOYMENT_TARGET = 11.2;
				MTL_ENABLE_DEBUG_INFO = YES;
				ONLY_ACTIVE_ARCH = YES;
				SDKROOT = iphoneos;
				SWIFT_ACTIVE_COMPILATION_CONDITIONS = DEBUG;
				SWIFT_OPTIMIZATION_LEVEL = "-Onone";
			};
			name = Debug;
		};
		BFC0C84F2015E92000C4885C /* Release */ = {
			isa = XCBuildConfiguration;
			buildSettings = {
				ALWAYS_SEARCH_USER_PATHS = NO;
				CLANG_ANALYZER_NONNULL = YES;
				CLANG_ANALYZER_NUMBER_OBJECT_CONVERSION = YES_AGGRESSIVE;
				CLANG_CXX_LANGUAGE_STANDARD = "gnu++14";
				CLANG_CXX_LIBRARY = "libc++";
				CLANG_ENABLE_MODULES = YES;
				CLANG_ENABLE_OBJC_ARC = YES;
				CLANG_WARN_BLOCK_CAPTURE_AUTORELEASING = YES;
				CLANG_WARN_BOOL_CONVERSION = YES;
				CLANG_WARN_COMMA = YES;
				CLANG_WARN_CONSTANT_CONVERSION = YES;
				CLANG_WARN_DIRECT_OBJC_ISA_USAGE = YES_ERROR;
				CLANG_WARN_DOCUMENTATION_COMMENTS = YES;
				CLANG_WARN_EMPTY_BODY = YES;
				CLANG_WARN_ENUM_CONVERSION = YES;
				CLANG_WARN_INFINITE_RECURSION = YES;
				CLANG_WARN_INT_CONVERSION = YES;
				CLANG_WARN_NON_LITERAL_NULL_CONVERSION = YES;
				CLANG_WARN_OBJC_LITERAL_CONVERSION = YES;
				CLANG_WARN_OBJC_ROOT_CLASS = YES_ERROR;
				CLANG_WARN_RANGE_LOOP_ANALYSIS = YES;
				CLANG_WARN_STRICT_PROTOTYPES = YES;
				CLANG_WARN_SUSPICIOUS_MOVE = YES;
				CLANG_WARN_UNGUARDED_AVAILABILITY = YES_AGGRESSIVE;
				CLANG_WARN_UNREACHABLE_CODE = YES;
				CLANG_WARN__DUPLICATE_METHOD_MATCH = YES;
				CODE_SIGN_IDENTITY = "iPhone Developer";
				COPY_PHASE_STRIP = NO;
				DEBUG_INFORMATION_FORMAT = "dwarf-with-dsym";
				ENABLE_NS_ASSERTIONS = NO;
				ENABLE_STRICT_OBJC_MSGSEND = YES;
				GCC_C_LANGUAGE_STANDARD = gnu11;
				GCC_NO_COMMON_BLOCKS = YES;
				GCC_WARN_64_TO_32_BIT_CONVERSION = YES;
				GCC_WARN_ABOUT_RETURN_TYPE = YES_ERROR;
				GCC_WARN_UNDECLARED_SELECTOR = YES;
				GCC_WARN_UNINITIALIZED_AUTOS = YES_AGGRESSIVE;
				GCC_WARN_UNUSED_FUNCTION = YES;
				GCC_WARN_UNUSED_VARIABLE = YES;
				IPHONEOS_DEPLOYMENT_TARGET = 11.2;
				MTL_ENABLE_DEBUG_INFO = NO;
				SDKROOT = iphoneos;
				SWIFT_OPTIMIZATION_LEVEL = "-Owholemodule";
				VALIDATE_PRODUCT = YES;
			};
			name = Release;
		};
		BFC0C8512015E92000C4885C /* Debug */ = {
			isa = XCBuildConfiguration;
			buildSettings = {
				ASSETCATALOG_COMPILER_APPICON_NAME = AppIcon;
				CODE_SIGN_STYLE = Automatic;
				DEVELOPMENT_TEAM = MRB58JNV9C;
				INFOPLIST_FILE = NetworkLayerForTest/Info.plist;
				LD_RUNPATH_SEARCH_PATHS = "$(inherited) @executable_path/Frameworks";
				PRODUCT_BUNDLE_IDENTIFIER = com.evo.NetworkLayerForTest;
				PRODUCT_NAME = "$(TARGET_NAME)";
				SWIFT_VERSION = 4.0;
				TARGETED_DEVICE_FAMILY = "1,2";
			};
			name = Debug;
		};
		BFC0C8522015E92000C4885C /* Release */ = {
			isa = XCBuildConfiguration;
			buildSettings = {
				ASSETCATALOG_COMPILER_APPICON_NAME = AppIcon;
				CODE_SIGN_STYLE = Automatic;
				DEVELOPMENT_TEAM = MRB58JNV9C;
				INFOPLIST_FILE = NetworkLayerForTest/Info.plist;
				LD_RUNPATH_SEARCH_PATHS = "$(inherited) @executable_path/Frameworks";
				PRODUCT_BUNDLE_IDENTIFIER = com.evo.NetworkLayerForTest;
				PRODUCT_NAME = "$(TARGET_NAME)";
				SWIFT_VERSION = 4.0;
				TARGETED_DEVICE_FAMILY = "1,2";
			};
			name = Release;
		};
		BFC0C8542015E92000C4885C /* Debug */ = {
			isa = XCBuildConfiguration;
			buildSettings = {
				ALWAYS_EMBED_SWIFT_STANDARD_LIBRARIES = YES;
				BUNDLE_LOADER = "$(TEST_HOST)";
				CODE_SIGN_STYLE = Automatic;
				DEVELOPMENT_TEAM = MRB58JNV9C;
				INFOPLIST_FILE = NetworkLayerForTestTests/Info.plist;
				LD_RUNPATH_SEARCH_PATHS = "$(inherited) @executable_path/Frameworks @loader_path/Frameworks";
				PRODUCT_BUNDLE_IDENTIFIER = com.evo.NetworkLayerForTestTests;
				PRODUCT_NAME = "$(TARGET_NAME)";
				SWIFT_VERSION = 4.0;
				TARGETED_DEVICE_FAMILY = "1,2";
				TEST_HOST = "$(BUILT_PRODUCTS_DIR)/NetworkLayerForTest.app/NetworkLayerForTest";
			};
			name = Debug;
		};
		BFC0C8552015E92000C4885C /* Release */ = {
			isa = XCBuildConfiguration;
			buildSettings = {
				ALWAYS_EMBED_SWIFT_STANDARD_LIBRARIES = YES;
				BUNDLE_LOADER = "$(TEST_HOST)";
				CODE_SIGN_STYLE = Automatic;
				DEVELOPMENT_TEAM = MRB58JNV9C;
				INFOPLIST_FILE = NetworkLayerForTestTests/Info.plist;
				LD_RUNPATH_SEARCH_PATHS = "$(inherited) @executable_path/Frameworks @loader_path/Frameworks";
				PRODUCT_BUNDLE_IDENTIFIER = com.evo.NetworkLayerForTestTests;
				PRODUCT_NAME = "$(TARGET_NAME)";
				SWIFT_VERSION = 4.0;
				TARGETED_DEVICE_FAMILY = "1,2";
				TEST_HOST = "$(BUILT_PRODUCTS_DIR)/NetworkLayerForTest.app/NetworkLayerForTest";
			};
			name = Release;
		};
/* End XCBuildConfiguration section */

/* Begin XCConfigurationList section */
		BFC0C82B2015E92000C4885C /* Build configuration list for PBXProject "NetworkLayerForTest" */ = {
			isa = XCConfigurationList;
			buildConfigurations = (
				BFC0C84E2015E92000C4885C /* Debug */,
				BFC0C84F2015E92000C4885C /* Release */,
			);
			defaultConfigurationIsVisible = 0;
			defaultConfigurationName = Release;
		};
		BFC0C8502015E92000C4885C /* Build configuration list for PBXNativeTarget "NetworkLayerForTest" */ = {
			isa = XCConfigurationList;
			buildConfigurations = (
				BFC0C8512015E92000C4885C /* Debug */,
				BFC0C8522015E92000C4885C /* Release */,
			);
			defaultConfigurationIsVisible = 0;
			defaultConfigurationName = Release;
		};
		BFC0C8532015E92000C4885C /* Build configuration list for PBXNativeTarget "NetworkLayerForTestTests" */ = {
			isa = XCConfigurationList;
			buildConfigurations = (
				BFC0C8542015E92000C4885C /* Debug */,
				BFC0C8552015E92000C4885C /* Release */,
			);
			defaultConfigurationIsVisible = 0;
			defaultConfigurationName = Release;
		};
/* End XCConfigurationList section */

/* Begin XCVersionGroup section */
		BFC0C83A2015E92000C4885C /* NetworkLayerForTest.xcdatamodeld */ = {
			isa = XCVersionGroup;
			children = (
				BFC0C83B2015E92000C4885C /* NetworkLayerForTest.xcdatamodel */,
			);
			currentVersion = BFC0C83B2015E92000C4885C /* NetworkLayerForTest.xcdatamodel */;
			path = NetworkLayerForTest.xcdatamodeld;
			sourceTree = "<group>";
			versionGroupType = wrapper.xcdatamodel;
		};
/* End XCVersionGroup section */
	};
	rootObject = BFC0C8282015E92000C4885C /* Project object */;
}
